// !$*UTF8*$!
{
	archiveVersion = 1;
	classes = {
	};
	objectVersion = 50;
	objects = {

/* Begin PBXBuildFile section */
		148866F927022D5300987445 /* AppDelegate.swift in Sources */ = {isa = PBXBuildFile; fileRef = 148866F827022D5300987445 /* AppDelegate.swift */; };
		148866FB27022D5300987445 /* SceneDelegate.swift in Sources */ = {isa = PBXBuildFile; fileRef = 148866FA27022D5300987445 /* SceneDelegate.swift */; };
		148866FD27022D5300987445 /* ViewController.swift in Sources */ = {isa = PBXBuildFile; fileRef = 148866FC27022D5300987445 /* ViewController.swift */; };
		1488670027022D5300987445 /* Main.storyboard in Resources */ = {isa = PBXBuildFile; fileRef = 148866FE27022D5300987445 /* Main.storyboard */; };
		1488670327022D5300987445 /* ViewPaper.xcdatamodeld in Sources */ = {isa = PBXBuildFile; fileRef = 1488670127022D5300987445 /* ViewPaper.xcdatamodeld */; };
		1488670527022D5700987445 /* Assets.xcassets in Resources */ = {isa = PBXBuildFile; fileRef = 1488670427022D5700987445 /* Assets.xcassets */; };
		1488670827022D5700987445 /* LaunchScreen.storyboard in Resources */ = {isa = PBXBuildFile; fileRef = 1488670627022D5700987445 /* LaunchScreen.storyboard */; };
		3CBDFE4722E3CD81096F460F /* Pods_ViewPaper.framework in Frameworks */ = {isa = PBXBuildFile; fileRef = 41CCFFE42C1357C1132A25D0 /* Pods_ViewPaper.framework */; };
/* End PBXBuildFile section */

/* Begin PBXFileReference section */
		148866F527022D5300987445 /* ViewPaper.app */ = {isa = PBXFileReference; explicitFileType = wrapper.application; includeInIndex = 0; path = ViewPaper.app; sourceTree = BUILT_PRODUCTS_DIR; };
		148866F827022D5300987445 /* AppDelegate.swift */ = {isa = PBXFileReference; lastKnownFileType = sourcecode.swift; path = AppDelegate.swift; sourceTree = "<group>"; };
		148866FA27022D5300987445 /* SceneDelegate.swift */ = {isa = PBXFileReference; lastKnownFileType = sourcecode.swift; path = SceneDelegate.swift; sourceTree = "<group>"; };
		148866FC27022D5300987445 /* ViewController.swift */ = {isa = PBXFileReference; lastKnownFileType = sourcecode.swift; path = ViewController.swift; sourceTree = "<group>"; };
		148866FF27022D5300987445 /* Base */ = {isa = PBXFileReference; lastKnownFileType = file.storyboard; name = Base; path = Base.lproj/Main.storyboard; sourceTree = "<group>"; };
		1488670227022D5300987445 /* ViewPaper.xcdatamodel */ = {isa = PBXFileReference; lastKnownFileType = wrapper.xcdatamodel; path = ViewPaper.xcdatamodel; sourceTree = "<group>"; };
		1488670427022D5700987445 /* Assets.xcassets */ = {isa = PBXFileReference; lastKnownFileType = folder.assetcatalog; path = Assets.xcassets; sourceTree = "<group>"; };
		1488670727022D5700987445 /* Base */ = {isa = PBXFileReference; lastKnownFileType = file.storyboard; name = Base; path = Base.lproj/LaunchScreen.storyboard; sourceTree = "<group>"; };
		1488670927022D5700987445 /* Info.plist */ = {isa = PBXFileReference; lastKnownFileType = text.plist.xml; path = Info.plist; sourceTree = "<group>"; };
		18453C71277D5D25AF53E7BB /* Pods-ViewPaper.debug.xcconfig */ = {isa = PBXFileReference; includeInIndex = 1; lastKnownFileType = text.xcconfig; name = "Pods-ViewPaper.debug.xcconfig"; path = "Target Support Files/Pods-ViewPaper/Pods-ViewPaper.debug.xcconfig"; sourceTree = "<group>"; };
		41CCFFE42C1357C1132A25D0 /* Pods_ViewPaper.framework */ = {isa = PBXFileReference; explicitFileType = wrapper.framework; includeInIndex = 0; path = Pods_ViewPaper.framework; sourceTree = BUILT_PRODUCTS_DIR; };
		7FA08D9B0ACE803FD384066C /* Pods-ViewPaper.release.xcconfig */ = {isa = PBXFileReference; includeInIndex = 1; lastKnownFileType = text.xcconfig; name = "Pods-ViewPaper.release.xcconfig"; path = "Target Support Files/Pods-ViewPaper/Pods-ViewPaper.release.xcconfig"; sourceTree = "<group>"; };
/* End PBXFileReference section */

/* Begin PBXFrameworksBuildPhase section */
		148866F227022D5300987445 /* Frameworks */ = {
			isa = PBXFrameworksBuildPhase;
			buildActionMask = 2147483647;
			files = (
				3CBDFE4722E3CD81096F460F /* Pods_ViewPaper.framework in Frameworks */,
			);
			runOnlyForDeploymentPostprocessing = 0;
		};
/* End PBXFrameworksBuildPhase section */

/* Begin PBXGroup section */
		148866EC27022D5300987445 = {
			isa = PBXGroup;
			children = (
				148866F727022D5300987445 /* ViewPaper */,
				148866F627022D5300987445 /* Products */,
				A58CDC107F9D90ED9E6ACB59 /* Pods */,
				2D0D4DE573B7EA2A7C1D0A52 /* Frameworks */,
			);
			sourceTree = "<group>";
		};
		148866F627022D5300987445 /* Products */ = {
			isa = PBXGroup;
			children = (
				148866F527022D5300987445 /* ViewPaper.app */,
			);
			name = Products;
			sourceTree = "<group>";
		};
		148866F727022D5300987445 /* ViewPaper */ = {
			isa = PBXGroup;
			children = (
				148866F827022D5300987445 /* AppDelegate.swift */,
				148866FA27022D5300987445 /* SceneDelegate.swift */,
				148866FC27022D5300987445 /* ViewController.swift */,
				148866FE27022D5300987445 /* Main.storyboard */,
				1488670427022D5700987445 /* Assets.xcassets */,
				1488670627022D5700987445 /* LaunchScreen.storyboard */,
				1488670927022D5700987445 /* Info.plist */,
				1488670127022D5300987445 /* ViewPaper.xcdatamodeld */,
			);
			path = ViewPaper;
			sourceTree = "<group>";
		};
		2D0D4DE573B7EA2A7C1D0A52 /* Frameworks */ = {
			isa = PBXGroup;
			children = (
				41CCFFE42C1357C1132A25D0 /* Pods_ViewPaper.framework */,
			);
			name = Frameworks;
			sourceTree = "<group>";
		};
		A58CDC107F9D90ED9E6ACB59 /* Pods */ = {
			isa = PBXGroup;
			children = (
				18453C71277D5D25AF53E7BB /* Pods-ViewPaper.debug.xcconfig */,
				7FA08D9B0ACE803FD384066C /* Pods-ViewPaper.release.xcconfig */,
			);
			name = Pods;
			path = Pods;
			sourceTree = "<group>";
		};
/* End PBXGroup section */

/* Begin PBXNativeTarget section */
		148866F427022D5300987445 /* ViewPaper */ = {
			isa = PBXNativeTarget;
			buildConfigurationList = 1488670C27022D5700987445 /* Build configuration list for PBXNativeTarget "ViewPaper" */;
			buildPhases = (
				2AF81FB129DD8FAE9ED2BE54 /* [CP] Check Pods Manifest.lock */,
				148866F127022D5300987445 /* Sources */,
				148866F227022D5300987445 /* Frameworks */,
				148866F327022D5300987445 /* Resources */,
				36D4830733BA93A836993F99 /* [CP] Embed Pods Frameworks */,
			);
			buildRules = (
			);
			dependencies = (
			);
			name = ViewPaper;
			productName = ViewPaper;
			productReference = 148866F527022D5300987445 /* ViewPaper.app */;
			productType = "com.apple.product-type.application";
		};
/* End PBXNativeTarget section */

/* Begin PBXProject section */
		148866ED27022D5300987445 /* Project object */ = {
			isa = PBXProject;
			attributes = {
				LastSwiftUpdateCheck = 1250;
				LastUpgradeCheck = 1250;
				TargetAttributes = {
					148866F427022D5300987445 = {
						CreatedOnToolsVersion = 12.5.1;
					};
				};
			};
			buildConfigurationList = 148866F027022D5300987445 /* Build configuration list for PBXProject "ViewPaper" */;
			compatibilityVersion = "Xcode 9.3";
			developmentRegion = en;
			hasScannedForEncodings = 0;
			knownRegions = (
				en,
				Base,
			);
			mainGroup = 148866EC27022D5300987445;
			productRefGroup = 148866F627022D5300987445 /* Products */;
			projectDirPath = "";
			projectRoot = "";
			targets = (
				148866F427022D5300987445 /* ViewPaper */,
			);
		};
/* End PBXProject section */

/* Begin PBXResourcesBuildPhase section */
		148866F327022D5300987445 /* Resources */ = {
			isa = PBXResourcesBuildPhase;
			buildActionMask = 2147483647;
			files = (
				1488670827022D5700987445 /* LaunchScreen.storyboard in Resources */,
				1488670527022D5700987445 /* Assets.xcassets in Resources */,
				1488670027022D5300987445 /* Main.storyboard in Resources */,
			);
			runOnlyForDeploymentPostprocessing = 0;
		};
/* End PBXResourcesBuildPhase section */

/* Begin PBXShellScriptBuildPhase section */
		2AF81FB129DD8FAE9ED2BE54 /* [CP] Check Pods Manifest.lock */ = {
			isa = PBXShellScriptBuildPhase;
			buildActionMask = 2147483647;
			files = (
			);
			inputFileListPaths = (
			);
			inputPaths = (
				"${PODS_PODFILE_DIR_PATH}/Podfile.lock",
				"${PODS_ROOT}/Manifest.lock",
			);
			name = "[CP] Check Pods Manifest.lock";
			outputFileListPaths = (
			);
			outputPaths = (
				"$(DERIVED_FILE_DIR)/Pods-ViewPaper-checkManifestLockResult.txt",
			);
			runOnlyForDeploymentPostprocessing = 0;
			shellPath = /bin/sh;
			shellScript = "diff \"${PODS_PODFILE_DIR_PATH}/Podfile.lock\" \"${PODS_ROOT}/Manifest.lock\" > /dev/null\nif [ $? != 0 ] ; then\n    # print error to STDERR\n    echo \"error: The sandbox is not in sync with the Podfile.lock. Run 'pod install' or update your CocoaPods installation.\" >&2\n    exit 1\nfi\n# This output is used by Xcode 'outputs' to avoid re-running this script phase.\necho \"SUCCESS\" > \"${SCRIPT_OUTPUT_FILE_0}\"\n";
			showEnvVarsInLog = 0;
		};
		36D4830733BA93A836993F99 /* [CP] Embed Pods Frameworks */ = {
			isa = PBXShellScriptBuildPhase;
			buildActionMask = 2147483647;
			files = (
			);
			inputFileListPaths = (
				"${PODS_ROOT}/Target Support Files/Pods-ViewPaper/Pods-ViewPaper-frameworks-${CONFIGURATION}-input-files.xcfilelist",
			);
			name = "[CP] Embed Pods Frameworks";
			outputFileListPaths = (
				"${PODS_ROOT}/Target Support Files/Pods-ViewPaper/Pods-ViewPaper-frameworks-${CONFIGURATION}-output-files.xcfilelist",
			);
			runOnlyForDeploymentPostprocessing = 0;
			shellPath = /bin/sh;
			shellScript = "\"${PODS_ROOT}/Target Support Files/Pods-ViewPaper/Pods-ViewPaper-frameworks.sh\"\n";
			showEnvVarsInLog = 0;
		};
/* End PBXShellScriptBuildPhase section */

/* Begin PBXSourcesBuildPhase section */
		148866F127022D5300987445 /* Sources */ = {
			isa = PBXSourcesBuildPhase;
			buildActionMask = 2147483647;
			files = (
				148866FD27022D5300987445 /* ViewController.swift in Sources */,
				1488670327022D5300987445 /* ViewPaper.xcdatamodeld in Sources */,
				148866F927022D5300987445 /* AppDelegate.swift in Sources */,
				148866FB27022D5300987445 /* SceneDelegate.swift in Sources */,
			);
			runOnlyForDeploymentPostprocessing = 0;
		};
/* End PBXSourcesBuildPhase section */

/* Begin PBXVariantGroup section */
		148866FE27022D5300987445 /* Main.storyboard */ = {
			isa = PBXVariantGroup;
			children = (
				148866FF27022D5300987445 /* Base */,
			);
			name = Main.storyboard;
			sourceTree = "<group>";
		};
		1488670627022D5700987445 /* LaunchScreen.storyboard */ = {
			isa = PBXVariantGroup;
			children = (
				1488670727022D5700987445 /* Base */,
			);
			name = LaunchScreen.storyboard;
			sourceTree = "<group>";
		};
/* End PBXVariantGroup section */

/* Begin XCBuildConfiguration section */
		1488670A27022D5700987445 /* Debug */ = {
			isa = XCBuildConfiguration;
			buildSettings = {
				ALWAYS_SEARCH_USER_PATHS = NO;
				CLANG_ANALYZER_NONNULL = YES;
				CLANG_ANALYZER_NUMBER_OBJECT_CONVERSION = YES_AGGRESSIVE;
				CLANG_CXX_LANGUAGE_STANDARD = "gnu++14";
				CLANG_CXX_LIBRARY = "libc++";
				CLANG_ENABLE_MODULES = YES;
				CLANG_ENABLE_OBJC_ARC = YES;
				CLANG_ENABLE_OBJC_WEAK = YES;
				CLANG_WARN_BLOCK_CAPTURE_AUTORELEASING = YES;
				CLANG_WARN_BOOL_CONVERSION = YES;
				CLANG_WARN_COMMA = YES;
				CLANG_WARN_CONSTANT_CONVERSION = YES;
				CLANG_WARN_DEPRECATED_OBJC_IMPLEMENTATIONS = YES;
				CLANG_WARN_DIRECT_OBJC_ISA_USAGE = YES_ERROR;
				CLANG_WARN_DOCUMENTATION_COMMENTS = YES;
				CLANG_WARN_EMPTY_BODY = YES;
				CLANG_WARN_ENUM_CONVERSION = YES;
				CLANG_WARN_INFINITE_RECURSION = YES;
				CLANG_WARN_INT_CONVERSION = YES;
				CLANG_WARN_NON_LITERAL_NULL_CONVERSION = YES;
				CLANG_WARN_OBJC_IMPLICIT_RETAIN_SELF = YES;
				CLANG_WARN_OBJC_LITERAL_CONVERSION = YES;
				CLANG_WARN_OBJC_ROOT_CLASS = YES_ERROR;
				CLANG_WARN_QUOTED_INCLUDE_IN_FRAMEWORK_HEADER = YES;
				CLANG_WARN_RANGE_LOOP_ANALYSIS = YES;
				CLANG_WARN_STRICT_PROTOTYPES = YES;
				CLANG_WARN_SUSPICIOUS_MOVE = YES;
				CLANG_WARN_UNGUARDED_AVAILABILITY = YES_AGGRESSIVE;
				CLANG_WARN_UNREACHABLE_CODE = YES;
				CLANG_WARN__DUPLICATE_METHOD_MATCH = YES;
				COPY_PHASE_STRIP = NO;
				DEBUG_INFORMATION_FORMAT = dwarf;
				ENABLE_STRICT_OBJC_MSGSEND = YES;
				ENABLE_TESTABILITY = YES;
				GCC_C_LANGUAGE_STANDARD = gnu11;
				GCC_DYNAMIC_NO_PIC = NO;
				GCC_NO_COMMON_BLOCKS = YES;
				GCC_OPTIMIZATION_LEVEL = 0;
				GCC_PREPROCESSOR_DEFINITIONS = (
					"DEBUG=1",
					"$(inherited)",
				);
				GCC_WARN_64_TO_32_BIT_CONVERSION = YES;
				GCC_WARN_ABOUT_RETURN_TYPE = YES_ERROR;
				GCC_WARN_UNDECLARED_SELECTOR = YES;
				GCC_WARN_UNINITIALIZED_AUTOS = YES_AGGRESSIVE;
				GCC_WARN_UNUSED_FUNCTION = YES;
				GCC_WARN_UNUSED_VARIABLE = YES;
				IPHONEOS_DEPLOYMENT_TARGET = 14.5;
				MTL_ENABLE_DEBUG_INFO = INCLUDE_SOURCE;
				MTL_FAST_MATH = YES;
				ONLY_ACTIVE_ARCH = YES;
				SDKROOT = iphoneos;
				SWIFT_ACTIVE_COMPILATION_CONDITIONS = DEBUG;
				SWIFT_OPTIMIZATION_LEVEL = "-Onone";
			};
			name = Debug;
		};
		1488670B27022D5700987445 /* Release */ = {
			isa = XCBuildConfiguration;
			buildSettings = {
				ALWAYS_SEARCH_USER_PATHS = NO;
				CLANG_ANALYZER_NONNULL = YES;
				CLANG_ANALYZER_NUMBER_OBJECT_CONVERSION = YES_AGGRESSIVE;
				CLANG_CXX_LANGUAGE_STANDARD = "gnu++14";
				CLANG_CXX_LIBRARY = "libc++";
				CLANG_ENABLE_MODULES = YES;
				CLANG_ENABLE_OBJC_ARC = YES;
				CLANG_ENABLE_OBJC_WEAK = YES;
				CLANG_WARN_BLOCK_CAPTURE_AUTORELEASING = YES;
				CLANG_WARN_BOOL_CONVERSION = YES;
				CLANG_WARN_COMMA = YES;
				CLANG_WARN_CONSTANT_CONVERSION = YES;
				CLANG_WARN_DEPRECATED_OBJC_IMPLEMENTATIONS = YES;
				CLANG_WARN_DIRECT_OBJC_ISA_USAGE = YES_ERROR;
				CLANG_WARN_DOCUMENTATION_COMMENTS = YES;
				CLANG_WARN_EMPTY_BODY = YES;
				CLANG_WARN_ENUM_CONVERSION = YES;
				CLANG_WARN_INFINITE_RECURSION = YES;
				CLANG_WARN_INT_CONVERSION = YES;
				CLANG_WARN_NON_LITERAL_NULL_CONVERSION = YES;
				CLANG_WARN_OBJC_IMPLICIT_RETAIN_SELF = YES;
				CLANG_WARN_OBJC_LITERAL_CONVERSION = YES;
				CLANG_WARN_OBJC_ROOT_CLASS = YES_ERROR;
				CLANG_WARN_QUOTED_INCLUDE_IN_FRAMEWORK_HEADER = YES;
				CLANG_WARN_RANGE_LOOP_ANALYSIS = YES;
				CLANG_WARN_STRICT_PROTOTYPES = YES;
				CLANG_WARN_SUSPICIOUS_MOVE = YES;
				CLANG_WARN_UNGUARDED_AVAILABILITY = YES_AGGRESSIVE;
				CLANG_WARN_UNREACHABLE_CODE = YES;
				CLANG_WARN__DUPLICATE_METHOD_MATCH = YES;
				COPY_PHASE_STRIP = NO;
				DEBUG_INFORMATION_FORMAT = "dwarf-with-dsym";
				ENABLE_NS_ASSERTIONS = NO;
				ENABLE_STRICT_OBJC_MSGSEND = YES;
				GCC_C_LANGUAGE_STANDARD = gnu11;
				GCC_NO_COMMON_BLOCKS = YES;
				GCC_WARN_64_TO_32_BIT_CONVERSION = YES;
				GCC_WARN_ABOUT_RETURN_TYPE = YES_ERROR;
				GCC_WARN_UNDECLARED_SELECTOR = YES;
				GCC_WARN_UNINITIALIZED_AUTOS = YES_AGGRESSIVE;
				GCC_WARN_UNUSED_FUNCTION = YES;
				GCC_WARN_UNUSED_VARIABLE = YES;
				IPHONEOS_DEPLOYMENT_TARGET = 14.5;
				MTL_ENABLE_DEBUG_INFO = NO;
				MTL_FAST_MATH = YES;
				SDKROOT = iphoneos;
				SWIFT_COMPILATION_MODE = wholemodule;
				SWIFT_OPTIMIZATION_LEVEL = "-O";
				VALIDATE_PRODUCT = YES;
			};
			name = Release;
		};
		1488670D27022D5700987445 /* Debug */ = {
			isa = XCBuildConfiguration;
			baseConfigurationReference = 18453C71277D5D25AF53E7BB /* Pods-ViewPaper.debug.xcconfig */;
			buildSettings = {
				ASSETCATALOG_COMPILER_APPICON_NAME = AppIcon;
				ASSETCATALOG_COMPILER_GLOBAL_ACCENT_COLOR_NAME = AccentColor;
				CODE_SIGN_STYLE = Automatic;
				INFOPLIST_FILE = ViewPaper/Info.plist;
				LD_RUNPATH_SEARCH_PATHS = (
					"$(inherited)",
					"@executable_path/Frameworks",
				);
				PRODUCT_BUNDLE_IDENTIFIER = test.ViewPaper;
				PRODUCT_NAME = "$(TARGET_NAME)";
				SWIFT_VERSION = 5.0;
				TARGETED_DEVICE_FAMILY = "1,2";
			};
			name = Debug;
		};
		1488670E27022D5700987445 /* Release */ = {
			isa = XCBuildConfiguration;
			baseConfigurationReference = 7FA08D9B0ACE803FD384066C /* Pods-ViewPaper.release.xcconfig */;
			buildSettings = {
				ASSETCATALOG_COMPILER_APPICON_NAME = AppIcon;
				ASSETCATALOG_COMPILER_GLOBAL_ACCENT_COLOR_NAME = AccentColor;
				CODE_SIGN_STYLE = Automatic;
				INFOPLIST_FILE = ViewPaper/Info.plist;
				LD_RUNPATH_SEARCH_PATHS = (
					"$(inherited)",
					"@executable_path/Frameworks",
				);
				PRODUCT_BUNDLE_IDENTIFIER = test.ViewPaper;
				PRODUCT_NAME = "$(TARGET_NAME)";
				SWIFT_VERSION = 5.0;
				TARGETED_DEVICE_FAMILY = "1,2";
			};
			name = Release;
		};
/* End XCBuildConfiguration section */

/* Begin XCConfigurationList section */
		148866F027022D5300987445 /* Build configuration list for PBXProject "ViewPaper" */ = {
			isa = XCConfigurationList;
			buildConfigurations = (
				1488670A27022D5700987445 /* Debug */,
				1488670B27022D5700987445 /* Release */,
			);
			defaultConfigurationIsVisible = 0;
			defaultConfigurationName = Release;
		};
		1488670C27022D5700987445 /* Build configuration list for PBXNativeTarget "ViewPaper" */ = {
			isa = XCConfigurationList;
			buildConfigurations = (
				1488670D27022D5700987445 /* Debug */,
				1488670E27022D5700987445 /* Release */,
			);
			defaultConfigurationIsVisible = 0;
			defaultConfigurationName = Release;
		};
/* End XCConfigurationList section */

/* Begin XCVersionGroup section */
		1488670127022D5300987445 /* ViewPaper.xcdatamodeld */ = {
			isa = XCVersionGroup;
			children = (
				1488670227022D5300987445 /* ViewPaper.xcdatamodel */,
			);
			currentVersion = 1488670227022D5300987445 /* ViewPaper.xcdatamodel */;
			path = ViewPaper.xcdatamodeld;
			sourceTree = "<group>";
			versionGroupType = wrapper.xcdatamodel;
		};
/* End XCVersionGroup section */
	};
	rootObject = 148866ED27022D5300987445 /* Project object */;
}
