// !$*UTF8*$!
{
	archiveVersion = 1;
	classes = {
	};
	objectVersion = 50;
	objects = {

/* Begin PBXBuildFile section */
		147D5E2026F2ABBD006103FD /* AppDelegate.swift in Sources */ = {isa = PBXBuildFile; fileRef = 147D5E1F26F2ABBD006103FD /* AppDelegate.swift */; };
		147D5E2226F2ABBD006103FD /* SceneDelegate.swift in Sources */ = {isa = PBXBuildFile; fileRef = 147D5E2126F2ABBD006103FD /* SceneDelegate.swift */; };
		147D5E2726F2ABBD006103FD /* Main.storyboard in Resources */ = {isa = PBXBuildFile; fileRef = 147D5E2526F2ABBD006103FD /* Main.storyboard */; };
		147D5E2926F2ABC1006103FD /* Assets.xcassets in Resources */ = {isa = PBXBuildFile; fileRef = 147D5E2826F2ABC1006103FD /* Assets.xcassets */; };
		147D5E2C26F2ABC1006103FD /* LaunchScreen.storyboard in Resources */ = {isa = PBXBuildFile; fileRef = 147D5E2A26F2ABC1006103FD /* LaunchScreen.storyboard */; };
		147D5E3A26F47851006103FD /* AddViewController.swift in Sources */ = {isa = PBXBuildFile; fileRef = 147D5E3926F47851006103FD /* AddViewController.swift */; };
		147D5E4126F9D494006103FD /* FirstViewController.swift in Sources */ = {isa = PBXBuildFile; fileRef = 147D5E4026F9D494006103FD /* FirstViewController.swift */; };
		147D5E4826FC78B9006103FD /* Model.xcdatamodeld in Sources */ = {isa = PBXBuildFile; fileRef = 147D5E4626FC78B7006103FD /* Model.xcdatamodeld */; };
		147D5E4B26FC79C8006103FD /* Emoticon+CoreDataClass.swift in Sources */ = {isa = PBXBuildFile; fileRef = 147D5E4926FC79C8006103FD /* Emoticon+CoreDataClass.swift */; };
		147D5E4E26FC8287006103FD /* Emoticon+CoreDataProperties.swift in Sources */ = {isa = PBXBuildFile; fileRef = 147D5E4D26FC8286006103FD /* Emoticon+CoreDataProperties.swift */; };
/* End PBXBuildFile section */

/* Begin PBXFileReference section */
		147D5E1C26F2ABBD006103FD /* Emoticon_test.app */ = {isa = PBXFileReference; explicitFileType = wrapper.application; includeInIndex = 0; path = Emoticon_test.app; sourceTree = BUILT_PRODUCTS_DIR; };
		147D5E1F26F2ABBD006103FD /* AppDelegate.swift */ = {isa = PBXFileReference; lastKnownFileType = sourcecode.swift; path = AppDelegate.swift; sourceTree = "<group>"; };
		147D5E2126F2ABBD006103FD /* SceneDelegate.swift */ = {isa = PBXFileReference; lastKnownFileType = sourcecode.swift; path = SceneDelegate.swift; sourceTree = "<group>"; };
		147D5E2626F2ABBD006103FD /* Base */ = {isa = PBXFileReference; lastKnownFileType = file.storyboard; name = Base; path = Base.lproj/Main.storyboard; sourceTree = "<group>"; };
		147D5E2826F2ABC1006103FD /* Assets.xcassets */ = {isa = PBXFileReference; lastKnownFileType = folder.assetcatalog; path = Assets.xcassets; sourceTree = "<group>"; };
		147D5E2B26F2ABC1006103FD /* Base */ = {isa = PBXFileReference; lastKnownFileType = file.storyboard; name = Base; path = Base.lproj/LaunchScreen.storyboard; sourceTree = "<group>"; };
		147D5E2D26F2ABC1006103FD /* Info.plist */ = {isa = PBXFileReference; lastKnownFileType = text.plist.xml; path = Info.plist; sourceTree = "<group>"; };
		147D5E3926F47851006103FD /* AddViewController.swift */ = {isa = PBXFileReference; lastKnownFileType = sourcecode.swift; path = AddViewController.swift; sourceTree = "<group>"; };
		147D5E4026F9D494006103FD /* FirstViewController.swift */ = {isa = PBXFileReference; indentWidth = 3; lastKnownFileType = sourcecode.swift; path = FirstViewController.swift; sourceTree = "<group>"; };
		147D5E4726FC78B7006103FD /* Model.xcdatamodel */ = {isa = PBXFileReference; lastKnownFileType = wrapper.xcdatamodel; path = Model.xcdatamodel; sourceTree = "<group>"; };
		147D5E4926FC79C8006103FD /* Emoticon+CoreDataClass.swift */ = {isa = PBXFileReference; lastKnownFileType = sourcecode.swift; path = "Emoticon+CoreDataClass.swift"; sourceTree = "<group>"; };
		147D5E4D26FC8286006103FD /* Emoticon+CoreDataProperties.swift */ = {isa = PBXFileReference; lastKnownFileType = sourcecode.swift; path = "Emoticon+CoreDataProperties.swift"; sourceTree = "<group>"; };
/* End PBXFileReference section */

/* Begin PBXFrameworksBuildPhase section */
		147D5E1926F2ABBD006103FD /* Frameworks */ = {
			isa = PBXFrameworksBuildPhase;
			buildActionMask = 2147483647;
			files = (
			);
			runOnlyForDeploymentPostprocessing = 0;
		};
/* End PBXFrameworksBuildPhase section */

/* Begin PBXGroup section */
		147D5E1326F2ABBD006103FD = {
			isa = PBXGroup;
			children = (
				147D5E4926FC79C8006103FD /* Emoticon+CoreDataClass.swift */,
				147D5E4D26FC8286006103FD /* Emoticon+CoreDataProperties.swift */,
				147D5E1E26F2ABBD006103FD /* Emoticon_test */,
				147D5E1D26F2ABBD006103FD /* Products */,
			);
			sourceTree = "<group>";
		};
		147D5E1D26F2ABBD006103FD /* Products */ = {
			isa = PBXGroup;
			children = (
				147D5E1C26F2ABBD006103FD /* Emoticon_test.app */,
			);
			name = Products;
			sourceTree = "<group>";
		};
		147D5E1E26F2ABBD006103FD /* Emoticon_test */ = {
			isa = PBXGroup;
			children = (
				147D5E1F26F2ABBD006103FD /* AppDelegate.swift */,
				147D5E2126F2ABBD006103FD /* SceneDelegate.swift */,
				147D5E4026F9D494006103FD /* FirstViewController.swift */,
				147D5E3926F47851006103FD /* AddViewController.swift */,
				147D5E2526F2ABBD006103FD /* Main.storyboard */,
				147D5E2826F2ABC1006103FD /* Assets.xcassets */,
				147D5E2A26F2ABC1006103FD /* LaunchScreen.storyboard */,
				147D5E2D26F2ABC1006103FD /* Info.plist */,
				147D5E4626FC78B7006103FD /* Model.xcdatamodeld */,
			);
			path = Emoticon_test;
			sourceTree = "<group>";
		};
/* End PBXGroup section */

/* Begin PBXNativeTarget section */
		147D5E1B26F2ABBD006103FD /* Emoticon_test */ = {
			isa = PBXNativeTarget;
			buildConfigurationList = 147D5E3026F2ABC1006103FD /* Build configuration list for PBXNativeTarget "Emoticon_test" */;
			buildPhases = (
				147D5E1826F2ABBD006103FD /* Sources */,
				147D5E1926F2ABBD006103FD /* Frameworks */,
				147D5E1A26F2ABBD006103FD /* Resources */,
			);
			buildRules = (
			);
			dependencies = (
			);
			name = Emoticon_test;
			productName = Emoticon_test;
			productReference = 147D5E1C26F2ABBD006103FD /* Emoticon_test.app */;
			productType = "com.apple.product-type.application";
		};
/* End PBXNativeTarget section */

/* Begin PBXProject section */
		147D5E1426F2ABBD006103FD /* Project object */ = {
			isa = PBXProject;
			attributes = {
				LastSwiftUpdateCheck = 1250;
				LastUpgradeCheck = 1250;
				TargetAttributes = {
					147D5E1B26F2ABBD006103FD = {
						CreatedOnToolsVersion = 12.5.1;
					};
				};
			};
			buildConfigurationList = 147D5E1726F2ABBD006103FD /* Build configuration list for PBXProject "Emoticon_test" */;
			compatibilityVersion = "Xcode 9.3";
			developmentRegion = en;
			hasScannedForEncodings = 0;
			knownRegions = (
				en,
				Base,
			);
			mainGroup = 147D5E1326F2ABBD006103FD;
			productRefGroup = 147D5E1D26F2ABBD006103FD /* Products */;
			projectDirPath = "";
			projectRoot = "";
			targets = (
				147D5E1B26F2ABBD006103FD /* Emoticon_test */,
			);
		};
/* End PBXProject section */

/* Begin PBXResourcesBuildPhase section */
		147D5E1A26F2ABBD006103FD /* Resources */ = {
			isa = PBXResourcesBuildPhase;
			buildActionMask = 2147483647;
			files = (
				147D5E2C26F2ABC1006103FD /* LaunchScreen.storyboard in Resources */,
				147D5E2926F2ABC1006103FD /* Assets.xcassets in Resources */,
				147D5E2726F2ABBD006103FD /* Main.storyboard in Resources */,
			);
			runOnlyForDeploymentPostprocessing = 0;
		};
/* End PBXResourcesBuildPhase section */

/* Begin PBXSourcesBuildPhase section */
		147D5E1826F2ABBD006103FD /* Sources */ = {
			isa = PBXSourcesBuildPhase;
			buildActionMask = 2147483647;
			files = (
				147D5E4126F9D494006103FD /* FirstViewController.swift in Sources */,
				147D5E4B26FC79C8006103FD /* Emoticon+CoreDataClass.swift in Sources */,
				147D5E2026F2ABBD006103FD /* AppDelegate.swift in Sources */,
				147D5E4826FC78B9006103FD /* Model.xcdatamodeld in Sources */,
				147D5E3A26F47851006103FD /* AddViewController.swift in Sources */,
				147D5E2226F2ABBD006103FD /* SceneDelegate.swift in Sources */,
				147D5E4E26FC8287006103FD /* Emoticon+CoreDataProperties.swift in Sources */,
			);
			runOnlyForDeploymentPostprocessing = 0;
		};
/* End PBXSourcesBuildPhase section */

/* Begin PBXVariantGroup section */
		147D5E2526F2ABBD006103FD /* Main.storyboard */ = {
			isa = PBXVariantGroup;
			children = (
				147D5E2626F2ABBD006103FD /* Base */,
			);
			name = Main.storyboard;
			sourceTree = "<group>";
		};
		147D5E2A26F2ABC1006103FD /* LaunchScreen.storyboard */ = {
			isa = PBXVariantGroup;
			children = (
				147D5E2B26F2ABC1006103FD /* Base */,
			);
			name = LaunchScreen.storyboard;
			sourceTree = "<group>";
		};
/* End PBXVariantGroup section */

/* Begin XCBuildConfiguration section */
		147D5E2E26F2ABC1006103FD /* Debug */ = {
			isa = XCBuildConfiguration;
			buildSettings = {
				ALWAYS_SEARCH_USER_PATHS = NO;
				CLANG_ANALYZER_NONNULL = YES;
				CLANG_ANALYZER_NUMBER_OBJECT_CONVERSION = YES_AGGRESSIVE;
				CLANG_CXX_LANGUAGE_STANDARD = "gnu++14";
				CLANG_CXX_LIBRARY = "libc++";
				CLANG_ENABLE_MODULES = YES;
				CLANG_ENABLE_OBJC_ARC = YES;
				CLANG_ENABLE_OBJC_WEAK = YES;
				CLANG_WARN_BLOCK_CAPTURE_AUTORELEASING = YES;
				CLANG_WARN_BOOL_CONVERSION = YES;
				CLANG_WARN_COMMA = YES;
				CLANG_WARN_CONSTANT_CONVERSION = YES;
				CLANG_WARN_DEPRECATED_OBJC_IMPLEMENTATIONS = YES;
				CLANG_WARN_DIRECT_OBJC_ISA_USAGE = YES_ERROR;
				CLANG_WARN_DOCUMENTATION_COMMENTS = YES;
				CLANG_WARN_EMPTY_BODY = YES;
				CLANG_WARN_ENUM_CONVERSION = YES;
				CLANG_WARN_INFINITE_RECURSION = YES;
				CLANG_WARN_INT_CONVERSION = YES;
				CLANG_WARN_NON_LITERAL_NULL_CONVERSION = YES;
				CLANG_WARN_OBJC_IMPLICIT_RETAIN_SELF = YES;
				CLANG_WARN_OBJC_LITERAL_CONVERSION = YES;
				CLANG_WARN_OBJC_ROOT_CLASS = YES_ERROR;
				CLANG_WARN_QUOTED_INCLUDE_IN_FRAMEWORK_HEADER = YES;
				CLANG_WARN_RANGE_LOOP_ANALYSIS = YES;
				CLANG_WARN_STRICT_PROTOTYPES = YES;
				CLANG_WARN_SUSPICIOUS_MOVE = YES;
				CLANG_WARN_UNGUARDED_AVAILABILITY = YES_AGGRESSIVE;
				CLANG_WARN_UNREACHABLE_CODE = YES;
				CLANG_WARN__DUPLICATE_METHOD_MATCH = YES;
				COPY_PHASE_STRIP = NO;
				DEBUG_INFORMATION_FORMAT = dwarf;
				ENABLE_STRICT_OBJC_MSGSEND = YES;
				ENABLE_TESTABILITY = YES;
				GCC_C_LANGUAGE_STANDARD = gnu11;
				GCC_DYNAMIC_NO_PIC = NO;
				GCC_NO_COMMON_BLOCKS = YES;
				GCC_OPTIMIZATION_LEVEL = 0;
				GCC_PREPROCESSOR_DEFINITIONS = (
					"DEBUG=1",
					"$(inherited)",
				);
				GCC_WARN_64_TO_32_BIT_CONVERSION = YES;
				GCC_WARN_ABOUT_RETURN_TYPE = YES_ERROR;
				GCC_WARN_UNDECLARED_SELECTOR = YES;
				GCC_WARN_UNINITIALIZED_AUTOS = YES_AGGRESSIVE;
				GCC_WARN_UNUSED_FUNCTION = YES;
				GCC_WARN_UNUSED_VARIABLE = YES;
				IPHONEOS_DEPLOYMENT_TARGET = 14.5;
				MTL_ENABLE_DEBUG_INFO = INCLUDE_SOURCE;
				MTL_FAST_MATH = YES;
				ONLY_ACTIVE_ARCH = YES;
				SDKROOT = iphoneos;
				SWIFT_ACTIVE_COMPILATION_CONDITIONS = DEBUG;
				SWIFT_OPTIMIZATION_LEVEL = "-Onone";
			};
			name = Debug;
		};
		147D5E2F26F2ABC1006103FD /* Release */ = {
			isa = XCBuildConfiguration;
			buildSettings = {
				ALWAYS_SEARCH_USER_PATHS = NO;
				CLANG_ANALYZER_NONNULL = YES;
				CLANG_ANALYZER_NUMBER_OBJECT_CONVERSION = YES_AGGRESSIVE;
				CLANG_CXX_LANGUAGE_STANDARD = "gnu++14";
				CLANG_CXX_LIBRARY = "libc++";
				CLANG_ENABLE_MODULES = YES;
				CLANG_ENABLE_OBJC_ARC = YES;
				CLANG_ENABLE_OBJC_WEAK = YES;
				CLANG_WARN_BLOCK_CAPTURE_AUTORELEASING = YES;
				CLANG_WARN_BOOL_CONVERSION = YES;
				CLANG_WARN_COMMA = YES;
				CLANG_WARN_CONSTANT_CONVERSION = YES;
				CLANG_WARN_DEPRECATED_OBJC_IMPLEMENTATIONS = YES;
				CLANG_WARN_DIRECT_OBJC_ISA_USAGE = YES_ERROR;
				CLANG_WARN_DOCUMENTATION_COMMENTS = YES;
				CLANG_WARN_EMPTY_BODY = YES;
				CLANG_WARN_ENUM_CONVERSION = YES;
				CLANG_WARN_INFINITE_RECURSION = YES;
				CLANG_WARN_INT_CONVERSION = YES;
				CLANG_WARN_NON_LITERAL_NULL_CONVERSION = YES;
				CLANG_WARN_OBJC_IMPLICIT_RETAIN_SELF = YES;
				CLANG_WARN_OBJC_LITERAL_CONVERSION = YES;
				CLANG_WARN_OBJC_ROOT_CLASS = YES_ERROR;
				CLANG_WARN_QUOTED_INCLUDE_IN_FRAMEWORK_HEADER = YES;
				CLANG_WARN_RANGE_LOOP_ANALYSIS = YES;
				CLANG_WARN_STRICT_PROTOTYPES = YES;
				CLANG_WARN_SUSPICIOUS_MOVE = YES;
				CLANG_WARN_UNGUARDED_AVAILABILITY = YES_AGGRESSIVE;
				CLANG_WARN_UNREACHABLE_CODE = YES;
				CLANG_WARN__DUPLICATE_METHOD_MATCH = YES;
				COPY_PHASE_STRIP = NO;
				DEBUG_INFORMATION_FORMAT = "dwarf-with-dsym";
				ENABLE_NS_ASSERTIONS = NO;
				ENABLE_STRICT_OBJC_MSGSEND = YES;
				GCC_C_LANGUAGE_STANDARD = gnu11;
				GCC_NO_COMMON_BLOCKS = YES;
				GCC_WARN_64_TO_32_BIT_CONVERSION = YES;
				GCC_WARN_ABOUT_RETURN_TYPE = YES_ERROR;
				GCC_WARN_UNDECLARED_SELECTOR = YES;
				GCC_WARN_UNINITIALIZED_AUTOS = YES_AGGRESSIVE;
				GCC_WARN_UNUSED_FUNCTION = YES;
				GCC_WARN_UNUSED_VARIABLE = YES;
				IPHONEOS_DEPLOYMENT_TARGET = 14.5;
				MTL_ENABLE_DEBUG_INFO = NO;
				MTL_FAST_MATH = YES;
				SDKROOT = iphoneos;
				SWIFT_COMPILATION_MODE = wholemodule;
				SWIFT_OPTIMIZATION_LEVEL = "-O";
				VALIDATE_PRODUCT = YES;
			};
			name = Release;
		};
		147D5E3126F2ABC1006103FD /* Debug */ = {
			isa = XCBuildConfiguration;
			buildSettings = {
				ASSETCATALOG_COMPILER_APPICON_NAME = AppIcon;
				ASSETCATALOG_COMPILER_GLOBAL_ACCENT_COLOR_NAME = AccentColor;
				CODE_SIGN_STYLE = Automatic;
				INFOPLIST_FILE = Emoticon_test/Info.plist;
				LD_RUNPATH_SEARCH_PATHS = (
					"$(inherited)",
					"@executable_path/Frameworks",
				);
				PRODUCT_BUNDLE_IDENTIFIER = "test.Emoticon-test";
				PRODUCT_NAME = "$(TARGET_NAME)";
				SWIFT_VERSION = 5.0;
				TARGETED_DEVICE_FAMILY = "1,2";
			};
			name = Debug;
		};
		147D5E3226F2ABC1006103FD /* Release */ = {
			isa = XCBuildConfiguration;
			buildSettings = {
				ASSETCATALOG_COMPILER_APPICON_NAME = AppIcon;
				ASSETCATALOG_COMPILER_GLOBAL_ACCENT_COLOR_NAME = AccentColor;
				CODE_SIGN_STYLE = Automatic;
				INFOPLIST_FILE = Emoticon_test/Info.plist;
				LD_RUNPATH_SEARCH_PATHS = (
					"$(inherited)",
					"@executable_path/Frameworks",
				);
				PRODUCT_BUNDLE_IDENTIFIER = "test.Emoticon-test";
				PRODUCT_NAME = "$(TARGET_NAME)";
				SWIFT_VERSION = 5.0;
				TARGETED_DEVICE_FAMILY = "1,2";
			};
			name = Release;
		};
/* End XCBuildConfiguration section */

/* Begin XCConfigurationList section */
		147D5E1726F2ABBD006103FD /* Build configuration list for PBXProject "Emoticon_test" */ = {
			isa = XCConfigurationList;
			buildConfigurations = (
				147D5E2E26F2ABC1006103FD /* Debug */,
				147D5E2F26F2ABC1006103FD /* Release */,
			);
			defaultConfigurationIsVisible = 0;
			defaultConfigurationName = Release;
		};
		147D5E3026F2ABC1006103FD /* Build configuration list for PBXNativeTarget "Emoticon_test" */ = {
			isa = XCConfigurationList;
			buildConfigurations = (
				147D5E3126F2ABC1006103FD /* Debug */,
				147D5E3226F2ABC1006103FD /* Release */,
			);
			defaultConfigurationIsVisible = 0;
			defaultConfigurationName = Release;
		};
/* End XCConfigurationList section */

/* Begin XCVersionGroup section */
		147D5E4626FC78B7006103FD /* Model.xcdatamodeld */ = {
			isa = XCVersionGroup;
			children = (
				147D5E4726FC78B7006103FD /* Model.xcdatamodel */,
			);
			currentVersion = 147D5E4726FC78B7006103FD /* Model.xcdatamodel */;
			path = Model.xcdatamodeld;
			sourceTree = "<group>";
			versionGroupType = wrapper.xcdatamodel;
		};
/* End XCVersionGroup section */
	};
	rootObject = 147D5E1426F2ABBD006103FD /* Project object */;
}
